PODS:
  - jetfire (0.1.5)
  - Mapbox-iOS-SDK (3.7.6)
  - TallyGoKit (2.0.2):
    - Mapbox-iOS-SDK (< 3.8, >= 3.6.4, ~> 3.0)

DEPENDENCIES:
  - jetfire
  - TallyGoKit (from `../../TallyGoKit-ObjC`)

SPEC REPOS:
  https://github.com/CocoaPods/Specs.git:
    - jetfire
    - Mapbox-iOS-SDK

EXTERNAL SOURCES:
  TallyGoKit:
    :path: "../../TallyGoKit-ObjC"

SPEC CHECKSUMS:
  jetfire: 60c16cd6ae0282928e24203eb93f03b89c1929ce
  Mapbox-iOS-SDK: 23ececda1d90c3b436b45e2c88e9677f025303c0
  TallyGoKit: 44738915d61031b8e790ce38482aaec5e90a477f

PODFILE CHECKSUM: aa5439622d33aaa05d2348e4f3d05beac0cad308

COCOAPODS: 1.5.0
