PODS:
  - Mapbox-iOS-SDK (3.7.8)
  - Starscream (3.0.5)
  - TallyGoKit (2.1.0):
    - Mapbox-iOS-SDK (< 3.8, >= 3.6.4, ~> 3.0)

DEPENDENCIES:
  - Starscream
  - TallyGoKit

SPEC REPOS:
  https://github.com/CocoaPods/Specs.git:
    - Mapbox-iOS-SDK
    - Starscream
    - TallyGoKit

SPEC CHECKSUMS:
  Mapbox-iOS-SDK: a8b55533ef5c5e91b5a26533bd4fb0ec88a3b994
  Starscream: faf918b2f2eff7d5dd21180646bf015a669673bd
  TallyGoKit: 1c4f69c19a9cbf46f07bfc052111f9e90b000a8d

PODFILE CHECKSUM: a797e52a5f830439d9fbc20a6b218c6d98bbb740

COCOAPODS: 1.5.0
